// !$*UTF8*$!
{
	archiveVersion = 1;
	classes = {
	};
	objectVersion = 46;
	objects = {

/* Begin PBXBuildFile section */
		26319A921CEA0AA800DFC1C3 /* JXArrowSettingItem.m in Sources */ = {isa = PBXBuildFile; fileRef = 26319A911CEA0AA800DFC1C3 /* JXArrowSettingItem.m */; };
		26319A951CEA0AC200DFC1C3 /* JXSwitchSettingItem.m in Sources */ = {isa = PBXBuildFile; fileRef = 26319A941CEA0AC200DFC1C3 /* JXSwitchSettingItem.m */; };
		26319A981CEA0C1300DFC1C3 /* JXSettingCell.m in Sources */ = {isa = PBXBuildFile; fileRef = 26319A971CEA0C1300DFC1C3 /* JXSettingCell.m */; };
		26319A9D1CEA184A00DFC1C3 /* MBProgressHUD.m in Sources */ = {isa = PBXBuildFile; fileRef = 26319A9C1CEA184A00DFC1C3 /* MBProgressHUD.m */; };
		26319AA31CEA185100DFC1C3 /* DRNRealTimeBlurView.m in Sources */ = {isa = PBXBuildFile; fileRef = 26319AA01CEA185100DFC1C3 /* DRNRealTimeBlurView.m */; };
		26319AA41CEA185100DFC1C3 /* UIImage+BoxBlur.m in Sources */ = {isa = PBXBuildFile; fileRef = 26319AA21CEA185100DFC1C3 /* UIImage+BoxBlur.m */; };
		26319AA71CEA186800DFC1C3 /* JXBlurView.m in Sources */ = {isa = PBXBuildFile; fileRef = 26319AA61CEA186800DFC1C3 /* JXBlurView.m */; };
		265B42D91CEB5D45009C2D36 /* JXHelpController.m in Sources */ = {isa = PBXBuildFile; fileRef = 265B42D81CEB5D45009C2D36 /* JXHelpController.m */; };
		265B42DF1CEB5E0E009C2D36 /* cywt.json in Resources */ = {isa = PBXBuildFile; fileRef = 265B42DB1CEB5E0E009C2D36 /* cywt.json */; };
		265B42E01CEB5E0E009C2D36 /* help.json in Resources */ = {isa = PBXBuildFile; fileRef = 265B42DC1CEB5E0E009C2D36 /* help.json */; };
		265B42E11CEB5E0E009C2D36 /* more_project.json in Resources */ = {isa = PBXBuildFile; fileRef = 265B42DD1CEB5E0E009C2D36 /* more_project.json */; };
		265B42E21CEB5E0E009C2D36 /* products.json in Resources */ = {isa = PBXBuildFile; fileRef = 265B42DE1CEB5E0E009C2D36 /* products.json */; };
		265B43011CEB5E18009C2D36 /* bjdc_howto.html in Resources */ = {isa = PBXBuildFile; fileRef = 265B42E41CEB5E18009C2D36 /* bjdc_howto.html */; };
		265B43021CEB5E18009C2D36 /* coupon_help.html in Resources */ = {isa = PBXBuildFile; fileRef = 265B42E51CEB5E18009C2D36 /* coupon_help.html */; };
		265B43031CEB5E18009C2D36 /* credit_help.html in Resources */ = {isa = PBXBuildFile; fileRef = 265B42E61CEB5E18009C2D36 /* credit_help.html */; };
		265B43041CEB5E18009C2D36 /* dlt_howto.html in Resources */ = {isa = PBXBuildFile; fileRef = 265B42E71CEB5E18009C2D36 /* dlt_howto.html */; };
		265B43051CEB5E18009C2D36 /* f9_howto.html in Resources */ = {isa = PBXBuildFile; fileRef = 265B42E81CEB5E18009C2D36 /* f9_howto.html */; };
		265B43061CEB5E18009C2D36 /* gdy11_howto.html in Resources */ = {isa = PBXBuildFile; fileRef = 265B42E91CEB5E18009C2D36 /* gdy11_howto.html */; };
		265B43071CEB5E18009C2D36 /* group_record.html in Resources */ = {isa = PBXBuildFile; fileRef = 265B42EA1CEB5E18009C2D36 /* group_record.html */; };
		265B43081CEB5E18009C2D36 /* help.html in Resources */ = {isa = PBXBuildFile; fileRef = 265B42EB1CEB5E18009C2D36 /* help.html */; };
		265B43091CEB5E18009C2D36 /* helpGroupBuy.html in Resources */ = {isa = PBXBuildFile; fileRef = 265B42EC1CEB5E18009C2D36 /* helpGroupBuy.html */; };
		265B430A1CEB5E18009C2D36 /* jclq_howto.html in Resources */ = {isa = PBXBuildFile; fileRef = 265B42ED1CEB5E18009C2D36 /* jclq_howto.html */; };
		265B430B1CEB5E18009C2D36 /* jczq_howto.html in Resources */ = {isa = PBXBuildFile; fileRef = 265B42EE1CEB5E18009C2D36 /* jczq_howto.html */; };
		265B430C1CEB5E18009C2D36 /* jxssc_howto.html in Resources */ = {isa = PBXBuildFile; fileRef = 265B42EF1CEB5E18009C2D36 /* jxssc_howto.html */; };
		265B430D1CEB5E18009C2D36 /* jxy11_howto.html in Resources */ = {isa = PBXBuildFile; fileRef = 265B42F01CEB5E18009C2D36 /* jxy11_howto.html */; };
		265B430E1CEB5E18009C2D36 /* k2_howto.html in Resources */ = {isa = PBXBuildFile; fileRef = 265B42F11CEB5E18009C2D36 /* k2_howto.html */; };
		265B430F1CEB5E18009C2D36 /* k3_howto.html in Resources */ = {isa = PBXBuildFile; fileRef = 265B42F21CEB5E18009C2D36 /* k3_howto.html */; };
		265B43101CEB5E18009C2D36 /* kl8_howto.html in Resources */ = {isa = PBXBuildFile; fileRef = 265B42F31CEB5E18009C2D36 /* kl8_howto.html */; };
		265B43111CEB5E18009C2D36 /* lk11_howto.html in Resources */ = {isa = PBXBuildFile; fileRef = 265B42F41CEB5E18009C2D36 /* lk11_howto.html */; };
		265B43121CEB5E18009C2D36 /* networkconnectedfailed.html in Resources */ = {isa = PBXBuildFile; fileRef = 265B42F51CEB5E18009C2D36 /* networkconnectedfailed.html */; };
		265B43131CEB5E18009C2D36 /* pl3_howto.html in Resources */ = {isa = PBXBuildFile; fileRef = 265B42F61CEB5E18009C2D36 /* pl3_howto.html */; };
		265B43141CEB5E18009C2D36 /* pl5_howto.html in Resources */ = {isa = PBXBuildFile; fileRef = 265B42F71CEB5E18009C2D36 /* pl5_howto.html */; };
		265B43151CEB5E18009C2D36 /* qlc_howto.html in Resources */ = {isa = PBXBuildFile; fileRef = 265B42F81CEB5E18009C2D36 /* qlc_howto.html */; };
		265B43161CEB5E18009C2D36 /* qxc_howto.html in Resources */ = {isa = PBXBuildFile; fileRef = 265B42F91CEB5E18009C2D36 /* qxc_howto.html */; };
		265B43171CEB5E18009C2D36 /* rule.css in Resources */ = {isa = PBXBuildFile; fileRef = 265B42FA1CEB5E18009C2D36 /* rule.css */; };
		265B43181CEB5E18009C2D36 /* sfc_howto.html in Resources */ = {isa = PBXBuildFile; fileRef = 265B42FB1CEB5E18009C2D36 /* sfc_howto.html */; };
		265B43191CEB5E18009C2D36 /* ssc_howto.html in Resources */ = {isa = PBXBuildFile; fileRef = 265B42FC1CEB5E18009C2D36 /* ssc_howto.html */; };
		265B431A1CEB5E18009C2D36 /* ssq_howto.html in Resources */ = {isa = PBXBuildFile; fileRef = 265B42FD1CEB5E18009C2D36 /* ssq_howto.html */; };
		265B431B1CEB5E18009C2D36 /* x3d_howto.html in Resources */ = {isa = PBXBuildFile; fileRef = 265B42FE1CEB5E18009C2D36 /* x3d_howto.html */; };
		265B431C1CEB5E18009C2D36 /* y11_howto.html in Resources */ = {isa = PBXBuildFile; fileRef = 265B42FF1CEB5E18009C2D36 /* y11_howto.html */; };
		265B431D1CEB5E18009C2D36 /* znzh.html in Resources */ = {isa = PBXBuildFile; fileRef = 265B43001CEB5E18009C2D36 /* znzh.html */; };
		265B43201CEB5E9C009C2D36 /* JXHtmlItem.m in Sources */ = {isa = PBXBuildFile; fileRef = 265B431F1CEB5E9C009C2D36 /* JXHtmlItem.m */; };
		265B43251CEB6B3C009C2D36 /* NSObject+JXModel.m in Sources */ = {isa = PBXBuildFile; fileRef = 265B43241CEB6B3C009C2D36 /* NSObject+JXModel.m */; };
		268781E61CEA350700F91BC3 /* JXBaseViewController.m in Sources */ = {isa = PBXBuildFile; fileRef = 268781E51CEA350700F91BC3 /* JXBaseViewController.m */; };
		268781E91CEA37E400F91BC3 /* JXCodeController.m in Sources */ = {isa = PBXBuildFile; fileRef = 268781E81CEA37E400F91BC3 /* JXCodeController.m */; };
		268781EC1CEA3A4F00F91BC3 /* JXScoreController.m in Sources */ = {isa = PBXBuildFile; fileRef = 268781EB1CEA3A4F00F91BC3 /* JXScoreController.m */; };
		26C867EE1CE37ED900F91170 /* JXCoverView.m in Sources */ = {isa = PBXBuildFile; fileRef = 26C867ED1CE37ED900F91170 /* JXCoverView.m */; };
		26C867F11CE3806A00F91170 /* JXActiveMenu.m in Sources */ = {isa = PBXBuildFile; fileRef = 26C867F01CE3806A00F91170 /* JXActiveMenu.m */; };
		26C867F31CE3807E00F91170 /* JXActiveMenu.xib in Resources */ = {isa = PBXBuildFile; fileRef = 26C867F21CE3807E00F91170 /* JXActiveMenu.xib */; };
		26C867FB1CE4C6BC00F91170 /* JXMyLotteryViewController.xib in Resources */ = {isa = PBXBuildFile; fileRef = 26C867FA1CE4C6BC00F91170 /* JXMyLotteryViewController.xib */; };
		26C868021CE4ED0D00F91170 /* JXNewFeatureController.m in Sources */ = {isa = PBXBuildFile; fileRef = 26C868011CE4ED0D00F91170 /* JXNewFeatureController.m */; };
		26CF9C621CE21D4F00E11691 /* Assets.xcassets in Resources */ = {isa = PBXBuildFile; fileRef = 26CF9C611CE21D4F00E11691 /* Assets.xcassets */; };
		26CF9C651CE21D4F00E11691 /* LaunchScreen.storyboard in Resources */ = {isa = PBXBuildFile; fileRef = 26CF9C631CE21D4F00E11691 /* LaunchScreen.storyboard */; };
		26CF9C701CE21D4F00E11691 /* JXLotteryTicketTests.m in Sources */ = {isa = PBXBuildFile; fileRef = 26CF9C6F1CE21D4F00E11691 /* JXLotteryTicketTests.m */; };
		26CF9C7B1CE21D4F00E11691 /* JXLotteryTicketUITests.m in Sources */ = {isa = PBXBuildFile; fileRef = 26CF9C7A1CE21D4F00E11691 /* JXLotteryTicketUITests.m */; };
		26CF9CA51CE235A400E11691 /* AppDelegate.m in Sources */ = {isa = PBXBuildFile; fileRef = 26CF9CA31CE235A400E11691 /* AppDelegate.m */; };
		26CF9CA61CE235A400E11691 /* main.m in Sources */ = {isa = PBXBuildFile; fileRef = 26CF9CA41CE235A400E11691 /* main.m */; };
		26CF9CAC1CE2361700E11691 /* JXViewController.m in Sources */ = {isa = PBXBuildFile; fileRef = 26CF9CAB1CE2361700E11691 /* JXViewController.m */; };
		26CF9CAF1CE236DF00E11691 /* JXArenaViewController.m in Sources */ = {isa = PBXBuildFile; fileRef = 26CF9CAE1CE236DF00E11691 /* JXArenaViewController.m */; };
		26CF9CB21CE2370300E11691 /* JXDiscoverViewController.m in Sources */ = {isa = PBXBuildFile; fileRef = 26CF9CB11CE2370300E11691 /* JXDiscoverViewController.m */; };
		26CF9CB51CE2371800E11691 /* JXHallViewController.m in Sources */ = {isa = PBXBuildFile; fileRef = 26CF9CB41CE2371800E11691 /* JXHallViewController.m */; };
		26CF9CB81CE2373100E11691 /* JXHistoryViewController.m in Sources */ = {isa = PBXBuildFile; fileRef = 26CF9CB71CE2373100E11691 /* JXHistoryViewController.m */; };
		26CF9CBB1CE2381A00E11691 /* JXMyLotteryViewController.m in Sources */ = {isa = PBXBuildFile; fileRef = 26CF9CBA1CE2381A00E11691 /* JXMyLotteryViewController.m */; };
		26CF9CBE1CE23C2100E11691 /* JXTabBar.m in Sources */ = {isa = PBXBuildFile; fileRef = 26CF9CBD1CE23C2100E11691 /* JXTabBar.m */; };
		5B178EB81CE96FE5001329EE /* JXSaveTool.m in Sources */ = {isa = PBXBuildFile; fileRef = 5B178EB71CE96FE5001329EE /* JXSaveTool.m */; };
		5B178EBB1CE9713D001329EE /* JXGuideViewController.m in Sources */ = {isa = PBXBuildFile; fileRef = 5B178EBA1CE9713D001329EE /* JXGuideViewController.m */; };
		5B178EC21CE9770C001329EE /* JXSettingController.m in Sources */ = {isa = PBXBuildFile; fileRef = 5B178EC11CE9770C001329EE /* JXSettingController.m */; };
		5B178EC51CE9B302001329EE /* JXSettingItem.m in Sources */ = {isa = PBXBuildFile; fileRef = 5B178EC41CE9B302001329EE /* JXSettingItem.m */; };
		5B178EC81CE9B727001329EE /* JXSettingGroupItems.m in Sources */ = {isa = PBXBuildFile; fileRef = 5B178EC71CE9B727001329EE /* JXSettingGroupItems.m */; };
		5B491D0F1CE45BB90004CC03 /* JXArenaNavController.m in Sources */ = {isa = PBXBuildFile; fileRef = 5B491D0E1CE45BB90004CC03 /* JXArenaNavController.m */; };
		5B491D141CE464650004CC03 /* JXDiscoverViewController.storyboard in Resources */ = {isa = PBXBuildFile; fileRef = 5B491D131CE464650004CC03 /* JXDiscoverViewController.storyboard */; };
		5B491D171CE471AB0004CC03 /* JXAllTicketsController.m in Sources */ = {isa = PBXBuildFile; fileRef = 5B491D161CE471AB0004CC03 /* JXAllTicketsController.m */; };
		5B491D1A1CE471D20004CC03 /* JXTicketBtn.m in Sources */ = {isa = PBXBuildFile; fileRef = 5B491D191CE471D20004CC03 /* JXTicketBtn.m */; };
		5B491D1D1CE486040004CC03 /* JXLuckyView.m in Sources */ = {isa = PBXBuildFile; fileRef = 5B491D1C1CE486040004CC03 /* JXLuckyView.m */; };
		5B491D201CE487A00004CC03 /* JXLuckyController.m in Sources */ = {isa = PBXBuildFile; fileRef = 5B491D1F1CE487A00004CC03 /* JXLuckyController.m */; };
		5B59191E1CE57B710049B11A /* JXNewFeatureCell.m in Sources */ = {isa = PBXBuildFile; fileRef = 5B59191D1CE57B710049B11A /* JXNewFeatureCell.m */; };
		5BD632C31CE2CCFE00B77930 /* JXTabBarButton.m in Sources */ = {isa = PBXBuildFile; fileRef = 5BD632C21CE2CCFE00B77930 /* JXTabBarButton.m */; };
		5BD632C61CE2DA4100B77930 /* JXNavigationController.m in Sources */ = {isa = PBXBuildFile; fileRef = 5BD632C51CE2DA4100B77930 /* JXNavigationController.m */; };
		5BD632CA1CE2EA1900B77930 /* UIImage+Image.m in Sources */ = {isa = PBXBuildFile; fileRef = 5BD632C91CE2EA1900B77930 /* UIImage+Image.m */; };
		5BD632CD1CE3106D00B77930 /* UIView+Frame.m in Sources */ = {isa = PBXBuildFile; fileRef = 5BD632CC1CE3106D00B77930 /* UIView+Frame.m */; };
		5BD632D01CE3343D00B77930 /* JXMenuModel.m in Sources */ = {isa = PBXBuildFile; fileRef = 5BD632CF1CE3343D00B77930 /* JXMenuModel.m */; };
		5BD632D31CE334F800B77930 /* JXMenuView.m in Sources */ = {isa = PBXBuildFile; fileRef = 5BD632D21CE334F800B77930 /* JXMenuView.m */; };
/* End PBXBuildFile section */

/* Begin PBXContainerItemProxy section */
		26CF9C6C1CE21D4F00E11691 /* PBXContainerItemProxy */ = {
			isa = PBXContainerItemProxy;
			containerPortal = 26CF9C4A1CE21D4E00E11691 /* Project object */;
			proxyType = 1;
			remoteGlobalIDString = 26CF9C511CE21D4E00E11691;
			remoteInfo = JXLotteryTicket;
		};
		26CF9C771CE21D4F00E11691 /* PBXContainerItemProxy */ = {
			isa = PBXContainerItemProxy;
			containerPortal = 26CF9C4A1CE21D4E00E11691 /* Project object */;
			proxyType = 1;
			remoteGlobalIDString = 26CF9C511CE21D4E00E11691;
			remoteInfo = JXLotteryTicket;
		};
/* End PBXContainerItemProxy section */

/* Begin PBXFileReference section */
		26319A901CEA0AA800DFC1C3 /* JXArrowSettingItem.h */ = {isa = PBXFileReference; fileEncoding = 4; lastKnownFileType = sourcecode.c.h; path = JXArrowSettingItem.h; sourceTree = "<group>"; };
		26319A911CEA0AA800DFC1C3 /* JXArrowSettingItem.m */ = {isa = PBXFileReference; fileEncoding = 4; lastKnownFileType = sourcecode.c.objc; path = JXArrowSettingItem.m; sourceTree = "<group>"; };
		26319A931CEA0AC200DFC1C3 /* JXSwitchSettingItem.h */ = {isa = PBXFileReference; fileEncoding = 4; lastKnownFileType = sourcecode.c.h; path = JXSwitchSettingItem.h; sourceTree = "<group>"; };
		26319A941CEA0AC200DFC1C3 /* JXSwitchSettingItem.m */ = {isa = PBXFileReference; fileEncoding = 4; lastKnownFileType = sourcecode.c.objc; path = JXSwitchSettingItem.m; sourceTree = "<group>"; };
		26319A961CEA0C1300DFC1C3 /* JXSettingCell.h */ = {isa = PBXFileReference; fileEncoding = 4; lastKnownFileType = sourcecode.c.h; name = JXSettingCell.h; path = JXLotteryTicket/Classes/Setting/Model/JXSettingCell.h; sourceTree = SOURCE_ROOT; };
		26319A971CEA0C1300DFC1C3 /* JXSettingCell.m */ = {isa = PBXFileReference; fileEncoding = 4; lastKnownFileType = sourcecode.c.objc; name = JXSettingCell.m; path = JXLotteryTicket/Classes/Setting/Model/JXSettingCell.m; sourceTree = SOURCE_ROOT; };
		26319A9B1CEA184A00DFC1C3 /* MBProgressHUD.h */ = {isa = PBXFileReference; fileEncoding = 4; lastKnownFileType = sourcecode.c.h; path = MBProgressHUD.h; sourceTree = "<group>"; };
		26319A9C1CEA184A00DFC1C3 /* MBProgressHUD.m */ = {isa = PBXFileReference; fileEncoding = 4; lastKnownFileType = sourcecode.c.objc; path = MBProgressHUD.m; sourceTree = "<group>"; };
		26319A9F1CEA185100DFC1C3 /* DRNRealTimeBlurView.h */ = {isa = PBXFileReference; fileEncoding = 4; lastKnownFileType = sourcecode.c.h; path = DRNRealTimeBlurView.h; sourceTree = "<group>"; };
		26319AA01CEA185100DFC1C3 /* DRNRealTimeBlurView.m */ = {isa = PBXFileReference; fileEncoding = 4; lastKnownFileType = sourcecode.c.objc; path = DRNRealTimeBlurView.m; sourceTree = "<group>"; };
		26319AA11CEA185100DFC1C3 /* UIImage+BoxBlur.h */ = {isa = PBXFileReference; fileEncoding = 4; lastKnownFileType = sourcecode.c.h; path = "UIImage+BoxBlur.h"; sourceTree = "<group>"; };
		26319AA21CEA185100DFC1C3 /* UIImage+BoxBlur.m */ = {isa = PBXFileReference; fileEncoding = 4; lastKnownFileType = sourcecode.c.objc; path = "UIImage+BoxBlur.m"; sourceTree = "<group>"; };
		26319AA51CEA186800DFC1C3 /* JXBlurView.h */ = {isa = PBXFileReference; fileEncoding = 4; lastKnownFileType = sourcecode.c.h; name = JXBlurView.h; path = JXLotteryTicket/Classes/Setting/Model/JXBlurView.h; sourceTree = SOURCE_ROOT; };
		26319AA61CEA186800DFC1C3 /* JXBlurView.m */ = {isa = PBXFileReference; fileEncoding = 4; lastKnownFileType = sourcecode.c.objc; name = JXBlurView.m; path = JXLotteryTicket/Classes/Setting/Model/JXBlurView.m; sourceTree = SOURCE_ROOT; };
		265B42D71CEB5D45009C2D36 /* JXHelpController.h */ = {isa = PBXFileReference; fileEncoding = 4; lastKnownFileType = sourcecode.c.h; path = JXHelpController.h; sourceTree = "<group>"; };
		265B42D81CEB5D45009C2D36 /* JXHelpController.m */ = {isa = PBXFileReference; fileEncoding = 4; lastKnownFileType = sourcecode.c.objc; path = JXHelpController.m; sourceTree = "<group>"; };
		265B42DB1CEB5E0E009C2D36 /* cywt.json */ = {isa = PBXFileReference; fileEncoding = 4; lastKnownFileType = text.json; path = cywt.json; sourceTree = "<group>"; };
		265B42DC1CEB5E0E009C2D36 /* help.json */ = {isa = PBXFileReference; fileEncoding = 4; lastKnownFileType = text.json; path = help.json; sourceTree = "<group>"; };
		265B42DD1CEB5E0E009C2D36 /* more_project.json */ = {isa = PBXFileReference; fileEncoding = 4; lastKnownFileType = text.json; path = more_project.json; sourceTree = "<group>"; };
		265B42DE1CEB5E0E009C2D36 /* products.json */ = {isa = PBXFileReference; fileEncoding = 4; lastKnownFileType = text.json; path = products.json; sourceTree = "<group>"; };
		265B42E41CEB5E18009C2D36 /* bjdc_howto.html */ = {isa = PBXFileReference; fileEncoding = 4; lastKnownFileType = text.html; path = bjdc_howto.html; sourceTree = "<group>"; };
		265B42E51CEB5E18009C2D36 /* coupon_help.html */ = {isa = PBXFileReference; fileEncoding = 4; lastKnownFileType = text.html; path = coupon_help.html; sourceTree = "<group>"; };
		265B42E61CEB5E18009C2D36 /* credit_help.html */ = {isa = PBXFileReference; fileEncoding = 4; lastKnownFileType = text.html; path = credit_help.html; sourceTree = "<group>"; };
		265B42E71CEB5E18009C2D36 /* dlt_howto.html */ = {isa = PBXFileReference; fileEncoding = 4; lastKnownFileType = text.html; path = dlt_howto.html; sourceTree = "<group>"; };
		265B42E81CEB5E18009C2D36 /* f9_howto.html */ = {isa = PBXFileReference; fileEncoding = 4; lastKnownFileType = text.html; path = f9_howto.html; sourceTree = "<group>"; };
		265B42E91CEB5E18009C2D36 /* gdy11_howto.html */ = {isa = PBXFileReference; fileEncoding = 4; lastKnownFileType = text.html; path = gdy11_howto.html; sourceTree = "<group>"; };
		265B42EA1CEB5E18009C2D36 /* group_record.html */ = {isa = PBXFileReference; fileEncoding = 4; lastKnownFileType = text.html; path = group_record.html; sourceTree = "<group>"; };
		265B42EB1CEB5E18009C2D36 /* help.html */ = {isa = PBXFileReference; fileEncoding = 4; lastKnownFileType = text.html; path = help.html; sourceTree = "<group>"; };
		265B42EC1CEB5E18009C2D36 /* helpGroupBuy.html */ = {isa = PBXFileReference; fileEncoding = 4; lastKnownFileType = text.html; path = helpGroupBuy.html; sourceTree = "<group>"; };
		265B42ED1CEB5E18009C2D36 /* jclq_howto.html */ = {isa = PBXFileReference; fileEncoding = 4; lastKnownFileType = text.html; path = jclq_howto.html; sourceTree = "<group>"; };
		265B42EE1CEB5E18009C2D36 /* jczq_howto.html */ = {isa = PBXFileReference; fileEncoding = 4; lastKnownFileType = text.html; path = jczq_howto.html; sourceTree = "<group>"; };
		265B42EF1CEB5E18009C2D36 /* jxssc_howto.html */ = {isa = PBXFileReference; fileEncoding = 4; lastKnownFileType = text.html; path = jxssc_howto.html; sourceTree = "<group>"; };
		265B42F01CEB5E18009C2D36 /* jxy11_howto.html */ = {isa = PBXFileReference; fileEncoding = 4; lastKnownFileType = text.html; path = jxy11_howto.html; sourceTree = "<group>"; };
		265B42F11CEB5E18009C2D36 /* k2_howto.html */ = {isa = PBXFileReference; fileEncoding = 4; lastKnownFileType = text.html; path = k2_howto.html; sourceTree = "<group>"; };
		265B42F21CEB5E18009C2D36 /* k3_howto.html */ = {isa = PBXFileReference; fileEncoding = 4; lastKnownFileType = text.html; path = k3_howto.html; sourceTree = "<group>"; };
		265B42F31CEB5E18009C2D36 /* kl8_howto.html */ = {isa = PBXFileReference; fileEncoding = 4; lastKnownFileType = text.html; path = kl8_howto.html; sourceTree = "<group>"; };
		265B42F41CEB5E18009C2D36 /* lk11_howto.html */ = {isa = PBXFileReference; fileEncoding = 4; lastKnownFileType = text.html; path = lk11_howto.html; sourceTree = "<group>"; };
		265B42F51CEB5E18009C2D36 /* networkconnectedfailed.html */ = {isa = PBXFileReference; fileEncoding = 4; lastKnownFileType = text.html; path = networkconnectedfailed.html; sourceTree = "<group>"; };
		265B42F61CEB5E18009C2D36 /* pl3_howto.html */ = {isa = PBXFileReference; fileEncoding = 4; lastKnownFileType = text.html; path = pl3_howto.html; sourceTree = "<group>"; };
		265B42F71CEB5E18009C2D36 /* pl5_howto.html */ = {isa = PBXFileReference; fileEncoding = 4; lastKnownFileType = text.html; path = pl5_howto.html; sourceTree = "<group>"; };
		265B42F81CEB5E18009C2D36 /* qlc_howto.html */ = {isa = PBXFileReference; fileEncoding = 4; lastKnownFileType = text.html; path = qlc_howto.html; sourceTree = "<group>"; };
		265B42F91CEB5E18009C2D36 /* qxc_howto.html */ = {isa = PBXFileReference; fileEncoding = 4; lastKnownFileType = text.html; path = qxc_howto.html; sourceTree = "<group>"; };
		265B42FA1CEB5E18009C2D36 /* rule.css */ = {isa = PBXFileReference; fileEncoding = 4; lastKnownFileType = text.css; path = rule.css; sourceTree = "<group>"; };
		265B42FB1CEB5E18009C2D36 /* sfc_howto.html */ = {isa = PBXFileReference; fileEncoding = 4; lastKnownFileType = text.html; path = sfc_howto.html; sourceTree = "<group>"; };
		265B42FC1CEB5E18009C2D36 /* ssc_howto.html */ = {isa = PBXFileReference; fileEncoding = 4; lastKnownFileType = text.html; path = ssc_howto.html; sourceTree = "<group>"; };
		265B42FD1CEB5E18009C2D36 /* ssq_howto.html */ = {isa = PBXFileReference; fileEncoding = 4; lastKnownFileType = text.html; path = ssq_howto.html; sourceTree = "<group>"; };
		265B42FE1CEB5E18009C2D36 /* x3d_howto.html */ = {isa = PBXFileReference; fileEncoding = 4; lastKnownFileType = text.html; path = x3d_howto.html; sourceTree = "<group>"; };
		265B42FF1CEB5E18009C2D36 /* y11_howto.html */ = {isa = PBXFileReference; fileEncoding = 4; lastKnownFileType = text.html; path = y11_howto.html; sourceTree = "<group>"; };
		265B43001CEB5E18009C2D36 /* znzh.html */ = {isa = PBXFileReference; fileEncoding = 4; lastKnownFileType = text.html; path = znzh.html; sourceTree = "<group>"; };
		265B431E1CEB5E9C009C2D36 /* JXHtmlItem.h */ = {isa = PBXFileReference; fileEncoding = 4; lastKnownFileType = sourcecode.c.h; path = JXHtmlItem.h; sourceTree = "<group>"; };
		265B431F1CEB5E9C009C2D36 /* JXHtmlItem.m */ = {isa = PBXFileReference; fileEncoding = 4; lastKnownFileType = sourcecode.c.objc; path = JXHtmlItem.m; sourceTree = "<group>"; };
		265B43231CEB6B3C009C2D36 /* NSObject+JXModel.h */ = {isa = PBXFileReference; fileEncoding = 4; lastKnownFileType = sourcecode.c.h; path = "NSObject+JXModel.h"; sourceTree = "<group>"; };
		265B43241CEB6B3C009C2D36 /* NSObject+JXModel.m */ = {isa = PBXFileReference; fileEncoding = 4; lastKnownFileType = sourcecode.c.objc; path = "NSObject+JXModel.m"; sourceTree = "<group>"; };
		268781E41CEA350700F91BC3 /* JXBaseViewController.h */ = {isa = PBXFileReference; fileEncoding = 4; lastKnownFileType = sourcecode.c.h; path = JXBaseViewController.h; sourceTree = "<group>"; };
		268781E51CEA350700F91BC3 /* JXBaseViewController.m */ = {isa = PBXFileReference; fileEncoding = 4; lastKnownFileType = sourcecode.c.objc; path = JXBaseViewController.m; sourceTree = "<group>"; };
		268781E71CEA37E400F91BC3 /* JXCodeController.h */ = {isa = PBXFileReference; fileEncoding = 4; lastKnownFileType = sourcecode.c.h; path = JXCodeController.h; sourceTree = "<group>"; };
		268781E81CEA37E400F91BC3 /* JXCodeController.m */ = {isa = PBXFileReference; fileEncoding = 4; lastKnownFileType = sourcecode.c.objc; path = JXCodeController.m; sourceTree = "<group>"; };
		268781EA1CEA3A4F00F91BC3 /* JXScoreController.h */ = {isa = PBXFileReference; fileEncoding = 4; lastKnownFileType = sourcecode.c.h; path = JXScoreController.h; sourceTree = "<group>"; };
		268781EB1CEA3A4F00F91BC3 /* JXScoreController.m */ = {isa = PBXFileReference; fileEncoding = 4; lastKnownFileType = sourcecode.c.objc; path = JXScoreController.m; sourceTree = "<group>"; };
		26AF99651CE37D2A00DB5385 /* JXLotteryTicket.pch */ = {isa = PBXFileReference; lastKnownFileType = sourcecode.c.h; path = JXLotteryTicket.pch; sourceTree = "<group>"; };
		26C867EC1CE37ED900F91170 /* JXCoverView.h */ = {isa = PBXFileReference; fileEncoding = 4; lastKnownFileType = sourcecode.c.h; path = JXCoverView.h; sourceTree = "<group>"; };
		26C867ED1CE37ED900F91170 /* JXCoverView.m */ = {isa = PBXFileReference; fileEncoding = 4; lastKnownFileType = sourcecode.c.objc; path = JXCoverView.m; sourceTree = "<group>"; };
		26C867EF1CE3806A00F91170 /* JXActiveMenu.h */ = {isa = PBXFileReference; fileEncoding = 4; lastKnownFileType = sourcecode.c.h; path = JXActiveMenu.h; sourceTree = "<group>"; };
		26C867F01CE3806A00F91170 /* JXActiveMenu.m */ = {isa = PBXFileReference; fileEncoding = 4; lastKnownFileType = sourcecode.c.objc; path = JXActiveMenu.m; sourceTree = "<group>"; };
		26C867F21CE3807E00F91170 /* JXActiveMenu.xib */ = {isa = PBXFileReference; fileEncoding = 4; lastKnownFileType = file.xib; path = JXActiveMenu.xib; sourceTree = "<group>"; };
		26C867FA1CE4C6BC00F91170 /* JXMyLotteryViewController.xib */ = {isa = PBXFileReference; fileEncoding = 4; lastKnownFileType = file.xib; path = JXMyLotteryViewController.xib; sourceTree = "<group>"; };
		26C868001CE4ED0D00F91170 /* JXNewFeatureController.h */ = {isa = PBXFileReference; fileEncoding = 4; lastKnownFileType = sourcecode.c.h; path = JXNewFeatureController.h; sourceTree = "<group>"; };
		26C868011CE4ED0D00F91170 /* JXNewFeatureController.m */ = {isa = PBXFileReference; fileEncoding = 4; lastKnownFileType = sourcecode.c.objc; path = JXNewFeatureController.m; sourceTree = "<group>"; };
		26CF9C521CE21D4E00E11691 /* JXLotteryTicket.app */ = {isa = PBXFileReference; explicitFileType = wrapper.application; includeInIndex = 0; path = JXLotteryTicket.app; sourceTree = BUILT_PRODUCTS_DIR; };
		26CF9C611CE21D4F00E11691 /* Assets.xcassets */ = {isa = PBXFileReference; lastKnownFileType = folder.assetcatalog; path = Assets.xcassets; sourceTree = "<group>"; };
		26CF9C641CE21D4F00E11691 /* Base */ = {isa = PBXFileReference; lastKnownFileType = file.storyboard; name = Base; path = Base.lproj/LaunchScreen.storyboard; sourceTree = "<group>"; };
		26CF9C661CE21D4F00E11691 /* Info.plist */ = {isa = PBXFileReference; lastKnownFileType = text.plist.xml; path = Info.plist; sourceTree = "<group>"; };
		26CF9C6B1CE21D4F00E11691 /* JXLotteryTicketTests.xctest */ = {isa = PBXFileReference; explicitFileType = wrapper.cfbundle; includeInIndex = 0; path = JXLotteryTicketTests.xctest; sourceTree = BUILT_PRODUCTS_DIR; };
		26CF9C6F1CE21D4F00E11691 /* JXLotteryTicketTests.m */ = {isa = PBXFileReference; lastKnownFileType = sourcecode.c.objc; path = JXLotteryTicketTests.m; sourceTree = "<group>"; };
		26CF9C711CE21D4F00E11691 /* Info.plist */ = {isa = PBXFileReference; lastKnownFileType = text.plist.xml; path = Info.plist; sourceTree = "<group>"; };
		26CF9C761CE21D4F00E11691 /* JXLotteryTicketUITests.xctest */ = {isa = PBXFileReference; explicitFileType = wrapper.cfbundle; includeInIndex = 0; path = JXLotteryTicketUITests.xctest; sourceTree = BUILT_PRODUCTS_DIR; };
		26CF9C7A1CE21D4F00E11691 /* JXLotteryTicketUITests.m */ = {isa = PBXFileReference; lastKnownFileType = sourcecode.c.objc; path = JXLotteryTicketUITests.m; sourceTree = "<group>"; };
		26CF9C7C1CE21D4F00E11691 /* Info.plist */ = {isa = PBXFileReference; lastKnownFileType = text.plist.xml; path = Info.plist; sourceTree = "<group>"; };
		26CF9CA21CE235A400E11691 /* AppDelegate.h */ = {isa = PBXFileReference; fileEncoding = 4; lastKnownFileType = sourcecode.c.h; path = AppDelegate.h; sourceTree = "<group>"; };
		26CF9CA31CE235A400E11691 /* AppDelegate.m */ = {isa = PBXFileReference; fileEncoding = 4; lastKnownFileType = sourcecode.c.objc; path = AppDelegate.m; sourceTree = "<group>"; };
		26CF9CA41CE235A400E11691 /* main.m */ = {isa = PBXFileReference; fileEncoding = 4; lastKnownFileType = sourcecode.c.objc; path = main.m; sourceTree = "<group>"; };
		26CF9CAA1CE2361700E11691 /* JXViewController.h */ = {isa = PBXFileReference; fileEncoding = 4; lastKnownFileType = sourcecode.c.h; path = JXViewController.h; sourceTree = "<group>"; };
		26CF9CAB1CE2361700E11691 /* JXViewController.m */ = {isa = PBXFileReference; fileEncoding = 4; lastKnownFileType = sourcecode.c.objc; path = JXViewController.m; sourceTree = "<group>"; };
		26CF9CAD1CE236DF00E11691 /* JXArenaViewController.h */ = {isa = PBXFileReference; fileEncoding = 4; lastKnownFileType = sourcecode.c.h; path = JXArenaViewController.h; sourceTree = "<group>"; };
		26CF9CAE1CE236DF00E11691 /* JXArenaViewController.m */ = {isa = PBXFileReference; fileEncoding = 4; lastKnownFileType = sourcecode.c.objc; path = JXArenaViewController.m; sourceTree = "<group>"; };
		26CF9CB01CE2370300E11691 /* JXDiscoverViewController.h */ = {isa = PBXFileReference; fileEncoding = 4; lastKnownFileType = sourcecode.c.h; path = JXDiscoverViewController.h; sourceTree = "<group>"; };
		26CF9CB11CE2370300E11691 /* JXDiscoverViewController.m */ = {isa = PBXFileReference; fileEncoding = 4; lastKnownFileType = sourcecode.c.objc; path = JXDiscoverViewController.m; sourceTree = "<group>"; };
		26CF9CB31CE2371800E11691 /* JXHallViewController.h */ = {isa = PBXFileReference; fileEncoding = 4; lastKnownFileType = sourcecode.c.h; path = JXHallViewController.h; sourceTree = "<group>"; };
		26CF9CB41CE2371800E11691 /* JXHallViewController.m */ = {isa = PBXFileReference; fileEncoding = 4; lastKnownFileType = sourcecode.c.objc; path = JXHallViewController.m; sourceTree = "<group>"; };
		26CF9CB61CE2373100E11691 /* JXHistoryViewController.h */ = {isa = PBXFileReference; fileEncoding = 4; lastKnownFileType = sourcecode.c.h; path = JXHistoryViewController.h; sourceTree = "<group>"; };
		26CF9CB71CE2373100E11691 /* JXHistoryViewController.m */ = {isa = PBXFileReference; fileEncoding = 4; lastKnownFileType = sourcecode.c.objc; path = JXHistoryViewController.m; sourceTree = "<group>"; };
		26CF9CB91CE2381A00E11691 /* JXMyLotteryViewController.h */ = {isa = PBXFileReference; fileEncoding = 4; lastKnownFileType = sourcecode.c.h; path = JXMyLotteryViewController.h; sourceTree = "<group>"; };
		26CF9CBA1CE2381A00E11691 /* JXMyLotteryViewController.m */ = {isa = PBXFileReference; fileEncoding = 4; lastKnownFileType = sourcecode.c.objc; path = JXMyLotteryViewController.m; sourceTree = "<group>"; };
		26CF9CBC1CE23C2100E11691 /* JXTabBar.h */ = {isa = PBXFileReference; fileEncoding = 4; lastKnownFileType = sourcecode.c.h; path = JXTabBar.h; sourceTree = "<group>"; };
		26CF9CBD1CE23C2100E11691 /* JXTabBar.m */ = {isa = PBXFileReference; fileEncoding = 4; lastKnownFileType = sourcecode.c.objc; path = JXTabBar.m; sourceTree = "<group>"; };
		5B178EB61CE96FE5001329EE /* JXSaveTool.h */ = {isa = PBXFileReference; fileEncoding = 4; lastKnownFileType = sourcecode.c.h; path = JXSaveTool.h; sourceTree = "<group>"; };
		5B178EB71CE96FE5001329EE /* JXSaveTool.m */ = {isa = PBXFileReference; fileEncoding = 4; lastKnownFileType = sourcecode.c.objc; path = JXSaveTool.m; sourceTree = "<group>"; };
		5B178EB91CE9713D001329EE /* JXGuideViewController.h */ = {isa = PBXFileReference; fileEncoding = 4; lastKnownFileType = sourcecode.c.h; path = JXGuideViewController.h; sourceTree = "<group>"; };
		5B178EBA1CE9713D001329EE /* JXGuideViewController.m */ = {isa = PBXFileReference; fileEncoding = 4; lastKnownFileType = sourcecode.c.objc; path = JXGuideViewController.m; sourceTree = "<group>"; };
		5B178EC01CE9770C001329EE /* JXSettingController.h */ = {isa = PBXFileReference; fileEncoding = 4; lastKnownFileType = sourcecode.c.h; path = JXSettingController.h; sourceTree = "<group>"; };
		5B178EC11CE9770C001329EE /* JXSettingController.m */ = {isa = PBXFileReference; fileEncoding = 4; lastKnownFileType = sourcecode.c.objc; path = JXSettingController.m; sourceTree = "<group>"; };
		5B178EC31CE9B302001329EE /* JXSettingItem.h */ = {isa = PBXFileReference; fileEncoding = 4; lastKnownFileType = sourcecode.c.h; path = JXSettingItem.h; sourceTree = "<group>"; };
		5B178EC41CE9B302001329EE /* JXSettingItem.m */ = {isa = PBXFileReference; fileEncoding = 4; lastKnownFileType = sourcecode.c.objc; path = JXSettingItem.m; sourceTree = "<group>"; };
		5B178EC61CE9B727001329EE /* JXSettingGroupItems.h */ = {isa = PBXFileReference; fileEncoding = 4; lastKnownFileType = sourcecode.c.h; path = JXSettingGroupItems.h; sourceTree = "<group>"; };
		5B178EC71CE9B727001329EE /* JXSettingGroupItems.m */ = {isa = PBXFileReference; fileEncoding = 4; lastKnownFileType = sourcecode.c.objc; path = JXSettingGroupItems.m; sourceTree = "<group>"; };
		5B491D0D1CE45BB90004CC03 /* JXArenaNavController.h */ = {isa = PBXFileReference; fileEncoding = 4; lastKnownFileType = sourcecode.c.h; path = JXArenaNavController.h; sourceTree = "<group>"; };
		5B491D0E1CE45BB90004CC03 /* JXArenaNavController.m */ = {isa = PBXFileReference; fileEncoding = 4; lastKnownFileType = sourcecode.c.objc; path = JXArenaNavController.m; sourceTree = "<group>"; };
		5B491D131CE464650004CC03 /* JXDiscoverViewController.storyboard */ = {isa = PBXFileReference; fileEncoding = 4; lastKnownFileType = file.storyboard; path = JXDiscoverViewController.storyboard; sourceTree = "<group>"; };
		5B491D151CE471AB0004CC03 /* JXAllTicketsController.h */ = {isa = PBXFileReference; fileEncoding = 4; lastKnownFileType = sourcecode.c.h; path = JXAllTicketsController.h; sourceTree = "<group>"; };
		5B491D161CE471AB0004CC03 /* JXAllTicketsController.m */ = {isa = PBXFileReference; fileEncoding = 4; lastKnownFileType = sourcecode.c.objc; path = JXAllTicketsController.m; sourceTree = "<group>"; };
		5B491D181CE471D20004CC03 /* JXTicketBtn.h */ = {isa = PBXFileReference; fileEncoding = 4; lastKnownFileType = sourcecode.c.h; name = JXTicketBtn.h; path = JXLotteryTicket/Classes/Discover/Controller/JXTicketBtn.h; sourceTree = SOURCE_ROOT; };
		5B491D191CE471D20004CC03 /* JXTicketBtn.m */ = {isa = PBXFileReference; fileEncoding = 4; lastKnownFileType = sourcecode.c.objc; name = JXTicketBtn.m; path = JXLotteryTicket/Classes/Discover/Controller/JXTicketBtn.m; sourceTree = SOURCE_ROOT; };
		5B491D1B1CE486040004CC03 /* JXLuckyView.h */ = {isa = PBXFileReference; fileEncoding = 4; lastKnownFileType = sourcecode.c.h; name = JXLuckyView.h; path = JXLotteryTicket/Classes/Discover/Controller/JXLuckyView.h; sourceTree = SOURCE_ROOT; };
		5B491D1C1CE486040004CC03 /* JXLuckyView.m */ = {isa = PBXFileReference; fileEncoding = 4; lastKnownFileType = sourcecode.c.objc; name = JXLuckyView.m; path = JXLotteryTicket/Classes/Discover/Controller/JXLuckyView.m; sourceTree = SOURCE_ROOT; };
		5B491D1E1CE487A00004CC03 /* JXLuckyController.h */ = {isa = PBXFileReference; fileEncoding = 4; lastKnownFileType = sourcecode.c.h; path = JXLuckyController.h; sourceTree = "<group>"; };
		5B491D1F1CE487A00004CC03 /* JXLuckyController.m */ = {isa = PBXFileReference; fileEncoding = 4; lastKnownFileType = sourcecode.c.objc; path = JXLuckyController.m; sourceTree = "<group>"; };
		5B59191C1CE57B710049B11A /* JXNewFeatureCell.h */ = {isa = PBXFileReference; fileEncoding = 4; lastKnownFileType = sourcecode.c.h; name = JXNewFeatureCell.h; path = JXLotteryTicket/Classes/NewFeature/Controller/JXNewFeatureCell.h; sourceTree = SOURCE_ROOT; };
		5B59191D1CE57B710049B11A /* JXNewFeatureCell.m */ = {isa = PBXFileReference; fileEncoding = 4; lastKnownFileType = sourcecode.c.objc; name = JXNewFeatureCell.m; path = JXLotteryTicket/Classes/NewFeature/Controller/JXNewFeatureCell.m; sourceTree = SOURCE_ROOT; };
		5BD632C11CE2CCFE00B77930 /* JXTabBarButton.h */ = {isa = PBXFileReference; fileEncoding = 4; lastKnownFileType = sourcecode.c.h; path = JXTabBarButton.h; sourceTree = "<group>"; };
		5BD632C21CE2CCFE00B77930 /* JXTabBarButton.m */ = {isa = PBXFileReference; fileEncoding = 4; lastKnownFileType = sourcecode.c.objc; path = JXTabBarButton.m; sourceTree = "<group>"; };
		5BD632C41CE2DA4100B77930 /* JXNavigationController.h */ = {isa = PBXFileReference; fileEncoding = 4; lastKnownFileType = sourcecode.c.h; path = JXNavigationController.h; sourceTree = "<group>"; };
		5BD632C51CE2DA4100B77930 /* JXNavigationController.m */ = {isa = PBXFileReference; fileEncoding = 4; lastKnownFileType = sourcecode.c.objc; path = JXNavigationController.m; sourceTree = "<group>"; };
		5BD632C81CE2EA1900B77930 /* UIImage+Image.h */ = {isa = PBXFileReference; fileEncoding = 4; lastKnownFileType = sourcecode.c.h; path = "UIImage+Image.h"; sourceTree = "<group>"; };
		5BD632C91CE2EA1900B77930 /* UIImage+Image.m */ = {isa = PBXFileReference; fileEncoding = 4; lastKnownFileType = sourcecode.c.objc; path = "UIImage+Image.m"; sourceTree = "<group>"; };
		5BD632CB1CE3106D00B77930 /* UIView+Frame.h */ = {isa = PBXFileReference; fileEncoding = 4; lastKnownFileType = sourcecode.c.h; path = "UIView+Frame.h"; sourceTree = "<group>"; };
		5BD632CC1CE3106D00B77930 /* UIView+Frame.m */ = {isa = PBXFileReference; fileEncoding = 4; lastKnownFileType = sourcecode.c.objc; path = "UIView+Frame.m"; sourceTree = "<group>"; };
		5BD632CE1CE3343D00B77930 /* JXMenuModel.h */ = {isa = PBXFileReference; fileEncoding = 4; lastKnownFileType = sourcecode.c.h; name = JXMenuModel.h; path = JXLotteryTicket/Classes/Other/Catager/JXMenuModel.h; sourceTree = SOURCE_ROOT; };
		5BD632CF1CE3343D00B77930 /* JXMenuModel.m */ = {isa = PBXFileReference; fileEncoding = 4; lastKnownFileType = sourcecode.c.objc; name = JXMenuModel.m; path = JXLotteryTicket/Classes/Other/Catager/JXMenuModel.m; sourceTree = SOURCE_ROOT; };
		5BD632D11CE334F800B77930 /* JXMenuView.h */ = {isa = PBXFileReference; fileEncoding = 4; lastKnownFileType = sourcecode.c.h; name = JXMenuView.h; path = JXLotteryTicket/Classes/Other/Catager/JXMenuView.h; sourceTree = SOURCE_ROOT; };
		5BD632D21CE334F800B77930 /* JXMenuView.m */ = {isa = PBXFileReference; fileEncoding = 4; lastKnownFileType = sourcecode.c.objc; name = JXMenuView.m; path = JXLotteryTicket/Classes/Other/Catager/JXMenuView.m; sourceTree = SOURCE_ROOT; };
/* End PBXFileReference section */

/* Begin PBXFrameworksBuildPhase section */
		26CF9C4F1CE21D4E00E11691 /* Frameworks */ = {
			isa = PBXFrameworksBuildPhase;
			buildActionMask = 2147483647;
			files = (
			);
			runOnlyForDeploymentPostprocessing = 0;
		};
		26CF9C681CE21D4F00E11691 /* Frameworks */ = {
			isa = PBXFrameworksBuildPhase;
			buildActionMask = 2147483647;
			files = (
			);
			runOnlyForDeploymentPostprocessing = 0;
		};
		26CF9C731CE21D4F00E11691 /* Frameworks */ = {
			isa = PBXFrameworksBuildPhase;
			buildActionMask = 2147483647;
			files = (
			);
			runOnlyForDeploymentPostprocessing = 0;
		};
/* End PBXFrameworksBuildPhase section */

/* Begin PBXGroup section */
		26319A991CEA183A00DFC1C3 /* Libs */ = {
			isa = PBXGroup;
			children = (
				26319A9E1CEA185100DFC1C3 /* DRNRealTimeBlurView */,
				26319A9A1CEA184A00DFC1C3 /* MBProgressHUD */,
			);
			path = Libs;
			sourceTree = "<group>";
		};
		26319A9A1CEA184A00DFC1C3 /* MBProgressHUD */ = {
			isa = PBXGroup;
			children = (
				26319A9B1CEA184A00DFC1C3 /* MBProgressHUD.h */,
				26319A9C1CEA184A00DFC1C3 /* MBProgressHUD.m */,
			);
			path = MBProgressHUD;
			sourceTree = "<group>";
		};
		26319A9E1CEA185100DFC1C3 /* DRNRealTimeBlurView */ = {
			isa = PBXGroup;
			children = (
				26319A9F1CEA185100DFC1C3 /* DRNRealTimeBlurView.h */,
				26319AA01CEA185100DFC1C3 /* DRNRealTimeBlurView.m */,
				26319AA11CEA185100DFC1C3 /* UIImage+BoxBlur.h */,
				26319AA21CEA185100DFC1C3 /* UIImage+BoxBlur.m */,
			);
			path = DRNRealTimeBlurView;
			sourceTree = "<group>";
		};
		265B42D31CEB5C8C009C2D36 /* Help */ = {
			isa = PBXGroup;
			children = (
				265B42D41CEB5C8C009C2D36 /* Controller */,
				265B42D51CEB5C8C009C2D36 /* Model */,
				265B42D61CEB5C8C009C2D36 /* View */,
			);
			path = Help;
			sourceTree = "<group>";
		};
		265B42D41CEB5C8C009C2D36 /* Controller */ = {
			isa = PBXGroup;
			children = (
				265B42D71CEB5D45009C2D36 /* JXHelpController.h */,
				265B42D81CEB5D45009C2D36 /* JXHelpController.m */,
			);
			path = Controller;
			sourceTree = "<group>";
		};
		265B42D51CEB5C8C009C2D36 /* Model */ = {
			isa = PBXGroup;
			children = (
				265B431E1CEB5E9C009C2D36 /* JXHtmlItem.h */,
				265B431F1CEB5E9C009C2D36 /* JXHtmlItem.m */,
			);
			path = Model;
			sourceTree = "<group>";
		};
		265B42D61CEB5C8C009C2D36 /* View */ = {
			isa = PBXGroup;
			children = (
			);
			path = View;
			sourceTree = "<group>";
		};
		265B42DA1CEB5E0E009C2D36 /* Data */ = {
			isa = PBXGroup;
			children = (
				265B42DB1CEB5E0E009C2D36 /* cywt.json */,
				265B42DC1CEB5E0E009C2D36 /* help.json */,
				265B42DD1CEB5E0E009C2D36 /* more_project.json */,
				265B42DE1CEB5E0E009C2D36 /* products.json */,
			);
			path = Data;
			sourceTree = "<group>";
		};
		265B42E31CEB5E18009C2D36 /* Html */ = {
			isa = PBXGroup;
			children = (
				265B42E41CEB5E18009C2D36 /* bjdc_howto.html */,
				265B42E51CEB5E18009C2D36 /* coupon_help.html */,
				265B42E61CEB5E18009C2D36 /* credit_help.html */,
				265B42E71CEB5E18009C2D36 /* dlt_howto.html */,
				265B42E81CEB5E18009C2D36 /* f9_howto.html */,
				265B42E91CEB5E18009C2D36 /* gdy11_howto.html */,
				265B42EA1CEB5E18009C2D36 /* group_record.html */,
				265B42EB1CEB5E18009C2D36 /* help.html */,
				265B42EC1CEB5E18009C2D36 /* helpGroupBuy.html */,
				265B42ED1CEB5E18009C2D36 /* jclq_howto.html */,
				265B42EE1CEB5E18009C2D36 /* jczq_howto.html */,
				265B42EF1CEB5E18009C2D36 /* jxssc_howto.html */,
				265B42F01CEB5E18009C2D36 /* jxy11_howto.html */,
				265B42F11CEB5E18009C2D36 /* k2_howto.html */,
				265B42F21CEB5E18009C2D36 /* k3_howto.html */,
				265B42F31CEB5E18009C2D36 /* kl8_howto.html */,
				265B42F41CEB5E18009C2D36 /* lk11_howto.html */,
				265B42F51CEB5E18009C2D36 /* networkconnectedfailed.html */,
				265B42F61CEB5E18009C2D36 /* pl3_howto.html */,
				265B42F71CEB5E18009C2D36 /* pl5_howto.html */,
				265B42F81CEB5E18009C2D36 /* qlc_howto.html */,
				265B42F91CEB5E18009C2D36 /* qxc_howto.html */,
				265B42FA1CEB5E18009C2D36 /* rule.css */,
				265B42FB1CEB5E18009C2D36 /* sfc_howto.html */,
				265B42FC1CEB5E18009C2D36 /* ssc_howto.html */,
				265B42FD1CEB5E18009C2D36 /* ssq_howto.html */,
				265B42FE1CEB5E18009C2D36 /* x3d_howto.html */,
				265B42FF1CEB5E18009C2D36 /* y11_howto.html */,
				265B43001CEB5E18009C2D36 /* znzh.html */,
			);
			path = Html;
			sourceTree = "<group>";
		};
		268781E31CEA34E300F91BC3 /* Push */ = {
			isa = PBXGroup;
			children = (
				268781E71CEA37E400F91BC3 /* JXCodeController.h */,
				268781E81CEA37E400F91BC3 /* JXCodeController.m */,
				268781EA1CEA3A4F00F91BC3 /* JXScoreController.h */,
				268781EB1CEA3A4F00F91BC3 /* JXScoreController.m */,
			);
			path = Push;
			sourceTree = "<group>";
		};
		26C867FC1CE4ECE900F91170 /* NewFeature */ = {
			isa = PBXGroup;
			children = (
				26C867FD1CE4ECE900F91170 /* Controller */,
				26C867FE1CE4ECE900F91170 /* Model */,
				26C867FF1CE4ECE900F91170 /* View */,
			);
			path = NewFeature;
			sourceTree = "<group>";
		};
		26C867FD1CE4ECE900F91170 /* Controller */ = {
			isa = PBXGroup;
			children = (
				26C868001CE4ED0D00F91170 /* JXNewFeatureController.h */,
				26C868011CE4ED0D00F91170 /* JXNewFeatureController.m */,
			);
			path = Controller;
			sourceTree = "<group>";
		};
		26C867FE1CE4ECE900F91170 /* Model */ = {
			isa = PBXGroup;
			children = (
			);
			path = Model;
			sourceTree = "<group>";
		};
		26C867FF1CE4ECE900F91170 /* View */ = {
			isa = PBXGroup;
			children = (
				5B59191C1CE57B710049B11A /* JXNewFeatureCell.h */,
				5B59191D1CE57B710049B11A /* JXNewFeatureCell.m */,
			);
			path = View;
			sourceTree = "<group>";
		};
		26CF9C491CE21D4E00E11691 = {
			isa = PBXGroup;
			children = (
				26CF9C541CE21D4E00E11691 /* JXLotteryTicket */,
				26CF9C6E1CE21D4F00E11691 /* JXLotteryTicketTests */,
				26CF9C791CE21D4F00E11691 /* JXLotteryTicketUITests */,
				26CF9C531CE21D4E00E11691 /* Products */,
			);
			sourceTree = "<group>";
		};
		26CF9C531CE21D4E00E11691 /* Products */ = {
			isa = PBXGroup;
			children = (
				26CF9C521CE21D4E00E11691 /* JXLotteryTicket.app */,
				26CF9C6B1CE21D4F00E11691 /* JXLotteryTicketTests.xctest */,
				26CF9C761CE21D4F00E11691 /* JXLotteryTicketUITests.xctest */,
			);
			name = Products;
			sourceTree = "<group>";
		};
		26CF9C541CE21D4E00E11691 /* JXLotteryTicket */ = {
			isa = PBXGroup;
			children = (
				26CF9C881CE235A400E11691 /* Classes */,
				26CF9C611CE21D4F00E11691 /* Assets.xcassets */,
				26CF9C631CE21D4F00E11691 /* LaunchScreen.storyboard */,
				26CF9C661CE21D4F00E11691 /* Info.plist */,
				26CF9C551CE21D4E00E11691 /* Supporting Files */,
			);
			path = JXLotteryTicket;
			sourceTree = "<group>";
		};
		26CF9C551CE21D4E00E11691 /* Supporting Files */ = {
			isa = PBXGroup;
			children = (
			);
			name = "Supporting Files";
			sourceTree = "<group>";
		};
		26CF9C6E1CE21D4F00E11691 /* JXLotteryTicketTests */ = {
			isa = PBXGroup;
			children = (
				26CF9C6F1CE21D4F00E11691 /* JXLotteryTicketTests.m */,
				26CF9C711CE21D4F00E11691 /* Info.plist */,
			);
			path = JXLotteryTicketTests;
			sourceTree = "<group>";
		};
		26CF9C791CE21D4F00E11691 /* JXLotteryTicketUITests */ = {
			isa = PBXGroup;
			children = (
				26CF9C7A1CE21D4F00E11691 /* JXLotteryTicketUITests.m */,
				26CF9C7C1CE21D4F00E11691 /* Info.plist */,
			);
			path = JXLotteryTicketUITests;
			sourceTree = "<group>";
		};
		26CF9C881CE235A400E11691 /* Classes */ = {
			isa = PBXGroup;
			children = (
				5B178EBC1CE976F4001329EE /* Setting */,
				5B178EB31CE96FCC001329EE /* Tool */,
				26C867FC1CE4ECE900F91170 /* NewFeature */,
				26CF9C891CE235A400E11691 /* Arena */,
				26CF9C8D1CE235A400E11691 /* Discover */,
				26CF9C911CE235A400E11691 /* Hall */,
				26CF9C951CE235A400E11691 /* History */,
				26CF9C991CE235A400E11691 /* Main */,
				26CF9C9D1CE235A400E11691 /* MyLottery */,
				26CF9CA11CE235A400E11691 /* Other */,
			);
			path = Classes;
			sourceTree = "<group>";
		};
		26CF9C891CE235A400E11691 /* Arena */ = {
			isa = PBXGroup;
			children = (
				26CF9C8A1CE235A400E11691 /* Controller */,
				26CF9C8B1CE235A400E11691 /* Model */,
				26CF9C8C1CE235A400E11691 /* View */,
			);
			path = Arena;
			sourceTree = "<group>";
		};
		26CF9C8A1CE235A400E11691 /* Controller */ = {
			isa = PBXGroup;
			children = (
				26CF9CAD1CE236DF00E11691 /* JXArenaViewController.h */,
				26CF9CAE1CE236DF00E11691 /* JXArenaViewController.m */,
				5B491D0D1CE45BB90004CC03 /* JXArenaNavController.h */,
				5B491D0E1CE45BB90004CC03 /* JXArenaNavController.m */,
			);
			path = Controller;
			sourceTree = "<group>";
		};
		26CF9C8B1CE235A400E11691 /* Model */ = {
			isa = PBXGroup;
			children = (
			);
			path = Model;
			sourceTree = "<group>";
		};
		26CF9C8C1CE235A400E11691 /* View */ = {
			isa = PBXGroup;
			children = (
			);
			path = View;
			sourceTree = "<group>";
		};
		26CF9C8D1CE235A400E11691 /* Discover */ = {
			isa = PBXGroup;
			children = (
				26CF9C8E1CE235A400E11691 /* Controller */,
				26CF9C8F1CE235A400E11691 /* Model */,
				26CF9C901CE235A400E11691 /* View */,
			);
			path = Discover;
			sourceTree = "<group>";
		};
		26CF9C8E1CE235A400E11691 /* Controller */ = {
			isa = PBXGroup;
			children = (
				26CF9CB01CE2370300E11691 /* JXDiscoverViewController.h */,
				26CF9CB11CE2370300E11691 /* JXDiscoverViewController.m */,
				5B491D131CE464650004CC03 /* JXDiscoverViewController.storyboard */,
				5B491D151CE471AB0004CC03 /* JXAllTicketsController.h */,
				5B491D161CE471AB0004CC03 /* JXAllTicketsController.m */,
				5B491D1E1CE487A00004CC03 /* JXLuckyController.h */,
				5B491D1F1CE487A00004CC03 /* JXLuckyController.m */,
			);
			path = Controller;
			sourceTree = "<group>";
		};
		26CF9C8F1CE235A400E11691 /* Model */ = {
			isa = PBXGroup;
			children = (
			);
			path = Model;
			sourceTree = "<group>";
		};
		26CF9C901CE235A400E11691 /* View */ = {
			isa = PBXGroup;
			children = (
				5B491D181CE471D20004CC03 /* JXTicketBtn.h */,
				5B491D191CE471D20004CC03 /* JXTicketBtn.m */,
				5B491D1B1CE486040004CC03 /* JXLuckyView.h */,
				5B491D1C1CE486040004CC03 /* JXLuckyView.m */,
			);
			path = View;
			sourceTree = "<group>";
		};
		26CF9C911CE235A400E11691 /* Hall */ = {
			isa = PBXGroup;
			children = (
				26CF9C921CE235A400E11691 /* Controller */,
				26CF9C931CE235A400E11691 /* Model */,
				26CF9C941CE235A400E11691 /* View */,
			);
			path = Hall;
			sourceTree = "<group>";
		};
		26CF9C921CE235A400E11691 /* Controller */ = {
			isa = PBXGroup;
			children = (
				26CF9CB31CE2371800E11691 /* JXHallViewController.h */,
				26CF9CB41CE2371800E11691 /* JXHallViewController.m */,
			);
			path = Controller;
			sourceTree = "<group>";
		};
		26CF9C931CE235A400E11691 /* Model */ = {
			isa = PBXGroup;
			children = (
				5BD632CE1CE3343D00B77930 /* JXMenuModel.h */,
				5BD632CF1CE3343D00B77930 /* JXMenuModel.m */,
			);
			path = Model;
			sourceTree = "<group>";
		};
		26CF9C941CE235A400E11691 /* View */ = {
			isa = PBXGroup;
			children = (
				5BD632D11CE334F800B77930 /* JXMenuView.h */,
				5BD632D21CE334F800B77930 /* JXMenuView.m */,
				26C867EC1CE37ED900F91170 /* JXCoverView.h */,
				26C867ED1CE37ED900F91170 /* JXCoverView.m */,
				26C867EF1CE3806A00F91170 /* JXActiveMenu.h */,
				26C867F01CE3806A00F91170 /* JXActiveMenu.m */,
				26C867F21CE3807E00F91170 /* JXActiveMenu.xib */,
			);
			path = View;
			sourceTree = "<group>";
		};
		26CF9C951CE235A400E11691 /* History */ = {
			isa = PBXGroup;
			children = (
				26CF9C961CE235A400E11691 /* Controller */,
				26CF9C971CE235A400E11691 /* Model */,
				26CF9C981CE235A400E11691 /* View */,
			);
			path = History;
			sourceTree = "<group>";
		};
		26CF9C961CE235A400E11691 /* Controller */ = {
			isa = PBXGroup;
			children = (
				26CF9CB61CE2373100E11691 /* JXHistoryViewController.h */,
				26CF9CB71CE2373100E11691 /* JXHistoryViewController.m */,
			);
			path = Controller;
			sourceTree = "<group>";
		};
		26CF9C971CE235A400E11691 /* Model */ = {
			isa = PBXGroup;
			children = (
			);
			path = Model;
			sourceTree = "<group>";
		};
		26CF9C981CE235A400E11691 /* View */ = {
			isa = PBXGroup;
			children = (
			);
			path = View;
			sourceTree = "<group>";
		};
		26CF9C991CE235A400E11691 /* Main */ = {
			isa = PBXGroup;
			children = (
				26CF9C9A1CE235A400E11691 /* Controller */,
				26CF9C9B1CE235A400E11691 /* Model */,
				26CF9C9C1CE235A400E11691 /* View */,
			);
			path = Main;
			sourceTree = "<group>";
		};
		26CF9C9A1CE235A400E11691 /* Controller */ = {
			isa = PBXGroup;
			children = (
				26CF9CAA1CE2361700E11691 /* JXViewController.h */,
				26CF9CAB1CE2361700E11691 /* JXViewController.m */,
				5BD632C41CE2DA4100B77930 /* JXNavigationController.h */,
				5BD632C51CE2DA4100B77930 /* JXNavigationController.m */,
			);
			path = Controller;
			sourceTree = "<group>";
		};
		26CF9C9B1CE235A400E11691 /* Model */ = {
			isa = PBXGroup;
			children = (
			);
			path = Model;
			sourceTree = "<group>";
		};
		26CF9C9C1CE235A400E11691 /* View */ = {
			isa = PBXGroup;
			children = (
				26CF9CBC1CE23C2100E11691 /* JXTabBar.h */,
				26CF9CBD1CE23C2100E11691 /* JXTabBar.m */,
				5BD632C11CE2CCFE00B77930 /* JXTabBarButton.h */,
				5BD632C21CE2CCFE00B77930 /* JXTabBarButton.m */,
			);
			path = View;
			sourceTree = "<group>";
		};
		26CF9C9D1CE235A400E11691 /* MyLottery */ = {
			isa = PBXGroup;
			children = (
				26CF9C9E1CE235A400E11691 /* Controller */,
				26CF9C9F1CE235A400E11691 /* Model */,
				26CF9CA01CE235A400E11691 /* View */,
			);
			path = MyLottery;
			sourceTree = "<group>";
		};
		26CF9C9E1CE235A400E11691 /* Controller */ = {
			isa = PBXGroup;
			children = (
				26CF9CB91CE2381A00E11691 /* JXMyLotteryViewController.h */,
				26CF9CBA1CE2381A00E11691 /* JXMyLotteryViewController.m */,
				26C867FA1CE4C6BC00F91170 /* JXMyLotteryViewController.xib */,
			);
			path = Controller;
			sourceTree = "<group>";
		};
		26CF9C9F1CE235A400E11691 /* Model */ = {
			isa = PBXGroup;
			children = (
			);
			path = Model;
			sourceTree = "<group>";
		};
		26CF9CA01CE235A400E11691 /* View */ = {
			isa = PBXGroup;
			children = (
			);
			path = View;
			sourceTree = "<group>";
		};
		26CF9CA11CE235A400E11691 /* Other */ = {
			isa = PBXGroup;
			children = (
				265B42E31CEB5E18009C2D36 /* Html */,
				265B42DA1CEB5E0E009C2D36 /* Data */,
				26319A991CEA183A00DFC1C3 /* Libs */,
				5BD632C71CE2E9FA00B77930 /* Catager */,
				26CF9CA21CE235A400E11691 /* AppDelegate.h */,
				26CF9CA31CE235A400E11691 /* AppDelegate.m */,
				26CF9CA41CE235A400E11691 /* main.m */,
				26AF99651CE37D2A00DB5385 /* JXLotteryTicket.pch */,
			);
			path = Other;
			sourceTree = "<group>";
		};
		5B178EB31CE96FCC001329EE /* Tool */ = {
			isa = PBXGroup;
			children = (
				5B178EB41CE96FCC001329EE /* Guide */,
				5B178EB51CE96FCC001329EE /* Save */,
			);
			path = Tool;
			sourceTree = "<group>";
		};
		5B178EB41CE96FCC001329EE /* Guide */ = {
			isa = PBXGroup;
			children = (
				5B178EB91CE9713D001329EE /* JXGuideViewController.h */,
				5B178EBA1CE9713D001329EE /* JXGuideViewController.m */,
			);
			path = Guide;
			sourceTree = "<group>";
		};
		5B178EB51CE96FCC001329EE /* Save */ = {
			isa = PBXGroup;
			children = (
				5B178EB61CE96FE5001329EE /* JXSaveTool.h */,
				5B178EB71CE96FE5001329EE /* JXSaveTool.m */,
			);
			path = Save;
			sourceTree = "<group>";
		};
		5B178EBC1CE976F4001329EE /* Setting */ = {
			isa = PBXGroup;
			children = (
				265B42D31CEB5C8C009C2D36 /* Help */,
				268781E31CEA34E300F91BC3 /* Push */,
				5B178EBD1CE976F4001329EE /* Controller */,
				5B178EBE1CE976F4001329EE /* Model */,
				5B178EBF1CE976F4001329EE /* View */,
			);
			path = Setting;
			sourceTree = "<group>";
		};
		5B178EBD1CE976F4001329EE /* Controller */ = {
			isa = PBXGroup;
			children = (
				5B178EC01CE9770C001329EE /* JXSettingController.h */,
				5B178EC11CE9770C001329EE /* JXSettingController.m */,
				268781E41CEA350700F91BC3 /* JXBaseViewController.h */,
				268781E51CEA350700F91BC3 /* JXBaseViewController.m */,
			);
			path = Controller;
			sourceTree = "<group>";
		};
		5B178EBE1CE976F4001329EE /* Model */ = {
			isa = PBXGroup;
			children = (
				5B178EC31CE9B302001329EE /* JXSettingItem.h */,
				5B178EC41CE9B302001329EE /* JXSettingItem.m */,
				26319A931CEA0AC200DFC1C3 /* JXSwitchSettingItem.h */,
				26319A941CEA0AC200DFC1C3 /* JXSwitchSettingItem.m */,
				5B178EC61CE9B727001329EE /* JXSettingGroupItems.h */,
				5B178EC71CE9B727001329EE /* JXSettingGroupItems.m */,
				26319A901CEA0AA800DFC1C3 /* JXArrowSettingItem.h */,
				26319A911CEA0AA800DFC1C3 /* JXArrowSettingItem.m */,
			);
			path = Model;
			sourceTree = "<group>";
		};
		5B178EBF1CE976F4001329EE /* View */ = {
			isa = PBXGroup;
			children = (
				26319A961CEA0C1300DFC1C3 /* JXSettingCell.h */,
				26319A971CEA0C1300DFC1C3 /* JXSettingCell.m */,
				26319AA51CEA186800DFC1C3 /* JXBlurView.h */,
				26319AA61CEA186800DFC1C3 /* JXBlurView.m */,
			);
			path = View;
			sourceTree = "<group>";
		};
		5BD632C71CE2E9FA00B77930 /* Catager */ = {
			isa = PBXGroup;
			children = (
				5BD632C81CE2EA1900B77930 /* UIImage+Image.h */,
				5BD632C91CE2EA1900B77930 /* UIImage+Image.m */,
				5BD632CB1CE3106D00B77930 /* UIView+Frame.h */,
				5BD632CC1CE3106D00B77930 /* UIView+Frame.m */,
				265B43231CEB6B3C009C2D36 /* NSObject+JXModel.h */,
				265B43241CEB6B3C009C2D36 /* NSObject+JXModel.m */,
			);
			path = Catager;
			sourceTree = "<group>";
		};
/* End PBXGroup section */

/* Begin PBXNativeTarget section */
		26CF9C511CE21D4E00E11691 /* JXLotteryTicket */ = {
			isa = PBXNativeTarget;
			buildConfigurationList = 26CF9C7F1CE21D4F00E11691 /* Build configuration list for PBXNativeTarget "JXLotteryTicket" */;
			buildPhases = (
				26CF9C4E1CE21D4E00E11691 /* Sources */,
				26CF9C4F1CE21D4E00E11691 /* Frameworks */,
				26CF9C501CE21D4E00E11691 /* Resources */,
			);
			buildRules = (
			);
			dependencies = (
			);
			name = JXLotteryTicket;
			productName = JXLotteryTicket;
			productReference = 26CF9C521CE21D4E00E11691 /* JXLotteryTicket.app */;
			productType = "com.apple.product-type.application";
		};
		26CF9C6A1CE21D4F00E11691 /* JXLotteryTicketTests */ = {
			isa = PBXNativeTarget;
			buildConfigurationList = 26CF9C821CE21D4F00E11691 /* Build configuration list for PBXNativeTarget "JXLotteryTicketTests" */;
			buildPhases = (
				26CF9C671CE21D4F00E11691 /* Sources */,
				26CF9C681CE21D4F00E11691 /* Frameworks */,
				26CF9C691CE21D4F00E11691 /* Resources */,
			);
			buildRules = (
			);
			dependencies = (
				26CF9C6D1CE21D4F00E11691 /* PBXTargetDependency */,
			);
			name = JXLotteryTicketTests;
			productName = JXLotteryTicketTests;
			productReference = 26CF9C6B1CE21D4F00E11691 /* JXLotteryTicketTests.xctest */;
			productType = "com.apple.product-type.bundle.unit-test";
		};
		26CF9C751CE21D4F00E11691 /* JXLotteryTicketUITests */ = {
			isa = PBXNativeTarget;
			buildConfigurationList = 26CF9C851CE21D4F00E11691 /* Build configuration list for PBXNativeTarget "JXLotteryTicketUITests" */;
			buildPhases = (
				26CF9C721CE21D4F00E11691 /* Sources */,
				26CF9C731CE21D4F00E11691 /* Frameworks */,
				26CF9C741CE21D4F00E11691 /* Resources */,
			);
			buildRules = (
			);
			dependencies = (
				26CF9C781CE21D4F00E11691 /* PBXTargetDependency */,
			);
			name = JXLotteryTicketUITests;
			productName = JXLotteryTicketUITests;
			productReference = 26CF9C761CE21D4F00E11691 /* JXLotteryTicketUITests.xctest */;
			productType = "com.apple.product-type.bundle.ui-testing";
		};
/* End PBXNativeTarget section */

/* Begin PBXProject section */
		26CF9C4A1CE21D4E00E11691 /* Project object */ = {
			isa = PBXProject;
			attributes = {
				CLASSPREFIX = JX;
				LastUpgradeCheck = 0730;
				ORGANIZATIONNAME = Wangjiaxiang;
				TargetAttributes = {
					26CF9C511CE21D4E00E11691 = {
						CreatedOnToolsVersion = 7.3;
						DevelopmentTeam = 6F399U28WY;
					};
					26CF9C6A1CE21D4F00E11691 = {
						CreatedOnToolsVersion = 7.3;
						DevelopmentTeam = 6F399U28WY;
						TestTargetID = 26CF9C511CE21D4E00E11691;
					};
					26CF9C751CE21D4F00E11691 = {
						CreatedOnToolsVersion = 7.3;
						DevelopmentTeam = 6F399U28WY;
						TestTargetID = 26CF9C511CE21D4E00E11691;
					};
				};
			};
			buildConfigurationList = 26CF9C4D1CE21D4E00E11691 /* Build configuration list for PBXProject "JXLotteryTicket" */;
			compatibilityVersion = "Xcode 3.2";
			developmentRegion = English;
			hasScannedForEncodings = 0;
			knownRegions = (
				en,
				Base,
			);
			mainGroup = 26CF9C491CE21D4E00E11691;
			productRefGroup = 26CF9C531CE21D4E00E11691 /* Products */;
			projectDirPath = "";
			projectRoot = "";
			targets = (
				26CF9C511CE21D4E00E11691 /* JXLotteryTicket */,
				26CF9C6A1CE21D4F00E11691 /* JXLotteryTicketTests */,
				26CF9C751CE21D4F00E11691 /* JXLotteryTicketUITests */,
			);
		};
/* End PBXProject section */

/* Begin PBXResourcesBuildPhase section */
		26CF9C501CE21D4E00E11691 /* Resources */ = {
			isa = PBXResourcesBuildPhase;
			buildActionMask = 2147483647;
			files = (
				265B43091CEB5E18009C2D36 /* helpGroupBuy.html in Resources */,
				265B430E1CEB5E18009C2D36 /* k2_howto.html in Resources */,
				265B43121CEB5E18009C2D36 /* networkconnectedfailed.html in Resources */,
				265B42DF1CEB5E0E009C2D36 /* cywt.json in Resources */,
				265B431C1CEB5E18009C2D36 /* y11_howto.html in Resources */,
				26C867FB1CE4C6BC00F91170 /* JXMyLotteryViewController.xib in Resources */,
				265B431D1CEB5E18009C2D36 /* znzh.html in Resources */,
				265B42E11CEB5E0E009C2D36 /* more_project.json in Resources */,
				265B43191CEB5E18009C2D36 /* ssc_howto.html in Resources */,
				265B42E21CEB5E0E009C2D36 /* products.json in Resources */,
				26C867F31CE3807E00F91170 /* JXActiveMenu.xib in Resources */,
				265B43101CEB5E18009C2D36 /* kl8_howto.html in Resources */,
				265B43081CEB5E18009C2D36 /* help.html in Resources */,
				265B43051CEB5E18009C2D36 /* f9_howto.html in Resources */,
				26CF9C651CE21D4F00E11691 /* LaunchScreen.storyboard in Resources */,
				265B43131CEB5E18009C2D36 /* pl3_howto.html in Resources */,
				265B43181CEB5E18009C2D36 /* sfc_howto.html in Resources */,
				265B43031CEB5E18009C2D36 /* credit_help.html in Resources */,
				265B431B1CEB5E18009C2D36 /* x3d_howto.html in Resources */,
				265B430B1CEB5E18009C2D36 /* jczq_howto.html in Resources */,
				265B43141CEB5E18009C2D36 /* pl5_howto.html in Resources */,
				265B43041CEB5E18009C2D36 /* dlt_howto.html in Resources */,
				265B43151CEB5E18009C2D36 /* qlc_howto.html in Resources */,
				5B491D141CE464650004CC03 /* JXDiscoverViewController.storyboard in Resources */,
				265B43111CEB5E18009C2D36 /* lk11_howto.html in Resources */,
				26CF9C621CE21D4F00E11691 /* Assets.xcassets in Resources */,
				265B431A1CEB5E18009C2D36 /* ssq_howto.html in Resources */,
				265B43061CEB5E18009C2D36 /* gdy11_howto.html in Resources */,
				265B43021CEB5E18009C2D36 /* coupon_help.html in Resources */,
				265B43171CEB5E18009C2D36 /* rule.css in Resources */,
				265B42E01CEB5E0E009C2D36 /* help.json in Resources */,
				265B43011CEB5E18009C2D36 /* bjdc_howto.html in Resources */,
				265B43161CEB5E18009C2D36 /* qxc_howto.html in Resources */,
				265B430D1CEB5E18009C2D36 /* jxy11_howto.html in Resources */,
				265B43071CEB5E18009C2D36 /* group_record.html in Resources */,
				265B430C1CEB5E18009C2D36 /* jxssc_howto.html in Resources */,
				265B430F1CEB5E18009C2D36 /* k3_howto.html in Resources */,
				265B430A1CEB5E18009C2D36 /* jclq_howto.html in Resources */,
			);
			runOnlyForDeploymentPostprocessing = 0;
		};
		26CF9C691CE21D4F00E11691 /* Resources */ = {
			isa = PBXResourcesBuildPhase;
			buildActionMask = 2147483647;
			files = (
			);
			runOnlyForDeploymentPostprocessing = 0;
		};
		26CF9C741CE21D4F00E11691 /* Resources */ = {
			isa = PBXResourcesBuildPhase;
			buildActionMask = 2147483647;
			files = (
			);
			runOnlyForDeploymentPostprocessing = 0;
		};
/* End PBXResourcesBuildPhase section */

/* Begin PBXSourcesBuildPhase section */
		26CF9C4E1CE21D4E00E11691 /* Sources */ = {
			isa = PBXSourcesBuildPhase;
			buildActionMask = 2147483647;
			files = (
				268781E91CEA37E400F91BC3 /* JXCodeController.m in Sources */,
				268781EC1CEA3A4F00F91BC3 /* JXScoreController.m in Sources */,
				26CF9CBB1CE2381A00E11691 /* JXMyLotteryViewController.m in Sources */,
				5B178EC51CE9B302001329EE /* JXSettingItem.m in Sources */,
				265B42D91CEB5D45009C2D36 /* JXHelpController.m in Sources */,
				26CF9CA61CE235A400E11691 /* main.m in Sources */,
				26CF9CBE1CE23C2100E11691 /* JXTabBar.m in Sources */,
				26319A9D1CEA184A00DFC1C3 /* MBProgressHUD.m in Sources */,
				26319AA71CEA186800DFC1C3 /* JXBlurView.m in Sources */,
				268781E61CEA350700F91BC3 /* JXBaseViewController.m in Sources */,
				26319A951CEA0AC200DFC1C3 /* JXSwitchSettingItem.m in Sources */,
				5B491D0F1CE45BB90004CC03 /* JXArenaNavController.m in Sources */,
				26319A921CEA0AA800DFC1C3 /* JXArrowSettingItem.m in Sources */,
				5B491D201CE487A00004CC03 /* JXLuckyController.m in Sources */,
				5BD632C61CE2DA4100B77930 /* JXNavigationController.m in Sources */,
				26C867EE1CE37ED900F91170 /* JXCoverView.m in Sources */,
				26319AA31CEA185100DFC1C3 /* DRNRealTimeBlurView.m in Sources */,
				26319A981CEA0C1300DFC1C3 /* JXSettingCell.m in Sources */,
				5B178EC21CE9770C001329EE /* JXSettingController.m in Sources */,
				26CF9CAC1CE2361700E11691 /* JXViewController.m in Sources */,
				265B43201CEB5E9C009C2D36 /* JXHtmlItem.m in Sources */,
				5BD632CD1CE3106D00B77930 /* UIView+Frame.m in Sources */,
				5BD632D01CE3343D00B77930 /* JXMenuModel.m in Sources */,
				26C868021CE4ED0D00F91170 /* JXNewFeatureController.m in Sources */,
				5B491D171CE471AB0004CC03 /* JXAllTicketsController.m in Sources */,
				5B178EC81CE9B727001329EE /* JXSettingGroupItems.m in Sources */,
				5B491D1D1CE486040004CC03 /* JXLuckyView.m in Sources */,
				5B59191E1CE57B710049B11A /* JXNewFeatureCell.m in Sources */,
				5B491D1A1CE471D20004CC03 /* JXTicketBtn.m in Sources */,
				5B178EBB1CE9713D001329EE /* JXGuideViewController.m in Sources */,
				26CF9CB81CE2373100E11691 /* JXHistoryViewController.m in Sources */,
				26CF9CAF1CE236DF00E11691 /* JXArenaViewController.m in Sources */,
				5BD632D31CE334F800B77930 /* JXMenuView.m in Sources */,
				26C867F11CE3806A00F91170 /* JXActiveMenu.m in Sources */,
				26CF9CA51CE235A400E11691 /* AppDelegate.m in Sources */,
				26CF9CB21CE2370300E11691 /* JXDiscoverViewController.m in Sources */,
				5BD632CA1CE2EA1900B77930 /* UIImage+Image.m in Sources */,
				265B43251CEB6B3C009C2D36 /* NSObject+JXModel.m in Sources */,
				26CF9CB51CE2371800E11691 /* JXHallViewController.m in Sources */,
				5B178EB81CE96FE5001329EE /* JXSaveTool.m in Sources */,
				26319AA41CEA185100DFC1C3 /* UIImage+BoxBlur.m in Sources */,
				5BD632C31CE2CCFE00B77930 /* JXTabBarButton.m in Sources */,
			);
			runOnlyForDeploymentPostprocessing = 0;
		};
		26CF9C671CE21D4F00E11691 /* Sources */ = {
			isa = PBXSourcesBuildPhase;
			buildActionMask = 2147483647;
			files = (
				26CF9C701CE21D4F00E11691 /* JXLotteryTicketTests.m in Sources */,
			);
			runOnlyForDeploymentPostprocessing = 0;
		};
		26CF9C721CE21D4F00E11691 /* Sources */ = {
			isa = PBXSourcesBuildPhase;
			buildActionMask = 2147483647;
			files = (
				26CF9C7B1CE21D4F00E11691 /* JXLotteryTicketUITests.m in Sources */,
			);
			runOnlyForDeploymentPostprocessing = 0;
		};
/* End PBXSourcesBuildPhase section */

/* Begin PBXTargetDependency section */
		26CF9C6D1CE21D4F00E11691 /* PBXTargetDependency */ = {
			isa = PBXTargetDependency;
			target = 26CF9C511CE21D4E00E11691 /* JXLotteryTicket */;
			targetProxy = 26CF9C6C1CE21D4F00E11691 /* PBXContainerItemProxy */;
		};
		26CF9C781CE21D4F00E11691 /* PBXTargetDependency */ = {
			isa = PBXTargetDependency;
			target = 26CF9C511CE21D4E00E11691 /* JXLotteryTicket */;
			targetProxy = 26CF9C771CE21D4F00E11691 /* PBXContainerItemProxy */;
		};
/* End PBXTargetDependency section */

/* Begin PBXVariantGroup section */
		26CF9C631CE21D4F00E11691 /* LaunchScreen.storyboard */ = {
			isa = PBXVariantGroup;
			children = (
				26CF9C641CE21D4F00E11691 /* Base */,
			);
			name = LaunchScreen.storyboard;
			sourceTree = "<group>";
		};
/* End PBXVariantGroup section */

/* Begin XCBuildConfiguration section */
		26CF9C7D1CE21D4F00E11691 /* Debug */ = {
			isa = XCBuildConfiguration;
			buildSettings = {
				ALWAYS_SEARCH_USER_PATHS = NO;
				CLANG_ANALYZER_NONNULL = YES;
				CLANG_CXX_LANGUAGE_STANDARD = "gnu++0x";
				CLANG_CXX_LIBRARY = "libc++";
				CLANG_ENABLE_MODULES = YES;
				CLANG_ENABLE_OBJC_ARC = YES;
				CLANG_WARN_BOOL_CONVERSION = YES;
				CLANG_WARN_CONSTANT_CONVERSION = YES;
				CLANG_WARN_DIRECT_OBJC_ISA_USAGE = YES_ERROR;
				CLANG_WARN_EMPTY_BODY = YES;
				CLANG_WARN_ENUM_CONVERSION = YES;
				CLANG_WARN_INT_CONVERSION = YES;
				CLANG_WARN_OBJC_ROOT_CLASS = YES_ERROR;
				CLANG_WARN_UNREACHABLE_CODE = YES;
				CLANG_WARN__DUPLICATE_METHOD_MATCH = YES;
				"CODE_SIGN_IDENTITY[sdk=iphoneos*]" = "iPhone Developer";
				COPY_PHASE_STRIP = NO;
				DEBUG_INFORMATION_FORMAT = dwarf;
				ENABLE_STRICT_OBJC_MSGSEND = YES;
				ENABLE_TESTABILITY = YES;
				GCC_C_LANGUAGE_STANDARD = gnu99;
				GCC_DYNAMIC_NO_PIC = NO;
				GCC_NO_COMMON_BLOCKS = YES;
				GCC_OPTIMIZATION_LEVEL = 0;
				GCC_PREPROCESSOR_DEFINITIONS = (
					"DEBUG=1",
					"$(inherited)",
				);
				GCC_WARN_64_TO_32_BIT_CONVERSION = YES;
				GCC_WARN_ABOUT_RETURN_TYPE = YES_ERROR;
				GCC_WARN_UNDECLARED_SELECTOR = YES;
				GCC_WARN_UNINITIALIZED_AUTOS = YES_AGGRESSIVE;
				GCC_WARN_UNUSED_FUNCTION = YES;
				GCC_WARN_UNUSED_VARIABLE = YES;
				IPHONEOS_DEPLOYMENT_TARGET = 9.3;
				MTL_ENABLE_DEBUG_INFO = YES;
				ONLY_ACTIVE_ARCH = YES;
				SDKROOT = iphoneos;
			};
			name = Debug;
		};
		26CF9C7E1CE21D4F00E11691 /* Release */ = {
			isa = XCBuildConfiguration;
			buildSettings = {
				ALWAYS_SEARCH_USER_PATHS = NO;
				CLANG_ANALYZER_NONNULL = YES;
				CLANG_CXX_LANGUAGE_STANDARD = "gnu++0x";
				CLANG_CXX_LIBRARY = "libc++";
				CLANG_ENABLE_MODULES = YES;
				CLANG_ENABLE_OBJC_ARC = YES;
				CLANG_WARN_BOOL_CONVERSION = YES;
				CLANG_WARN_CONSTANT_CONVERSION = YES;
				CLANG_WARN_DIRECT_OBJC_ISA_USAGE = YES_ERROR;
				CLANG_WARN_EMPTY_BODY = YES;
				CLANG_WARN_ENUM_CONVERSION = YES;
				CLANG_WARN_INT_CONVERSION = YES;
				CLANG_WARN_OBJC_ROOT_CLASS = YES_ERROR;
				CLANG_WARN_UNREACHABLE_CODE = YES;
				CLANG_WARN__DUPLICATE_METHOD_MATCH = YES;
				"CODE_SIGN_IDENTITY[sdk=iphoneos*]" = "iPhone Developer";
				COPY_PHASE_STRIP = NO;
				DEBUG_INFORMATION_FORMAT = "dwarf-with-dsym";
				ENABLE_NS_ASSERTIONS = NO;
				ENABLE_STRICT_OBJC_MSGSEND = YES;
				GCC_C_LANGUAGE_STANDARD = gnu99;
				GCC_NO_COMMON_BLOCKS = YES;
				GCC_WARN_64_TO_32_BIT_CONVERSION = YES;
				GCC_WARN_ABOUT_RETURN_TYPE = YES_ERROR;
				GCC_WARN_UNDECLARED_SELECTOR = YES;
				GCC_WARN_UNINITIALIZED_AUTOS = YES_AGGRESSIVE;
				GCC_WARN_UNUSED_FUNCTION = YES;
				GCC_WARN_UNUSED_VARIABLE = YES;
				IPHONEOS_DEPLOYMENT_TARGET = 9.3;
				MTL_ENABLE_DEBUG_INFO = NO;
				SDKROOT = iphoneos;
				VALIDATE_PRODUCT = YES;
			};
			name = Release;
		};
		26CF9C801CE21D4F00E11691 /* Debug */ = {
			isa = XCBuildConfiguration;
			buildSettings = {
				ASSETCATALOG_COMPILER_APPICON_NAME = AppIcon;
				CODE_SIGN_IDENTITY = "iPhone Developer";
				"CODE_SIGN_IDENTITY[sdk=iphoneos*]" = "iPhone Developer";
				GCC_PRECOMPILE_PREFIX_HEADER = YES;
				GCC_PREFIX_HEADER = JXLotteryTicket/Classes/Other/JXLotteryTicket.pch;
				INFOPLIST_FILE = JXLotteryTicket/Info.plist;
				IPHONEOS_DEPLOYMENT_TARGET = 8.0;
				LD_RUNPATH_SEARCH_PATHS = "$(inherited) @executable_path/Frameworks";
				PRODUCT_BUNDLE_IDENTIFIER = com.rookieJX.JXLotteryTicket;
				PRODUCT_NAME = "$(TARGET_NAME)";
				PROVISIONING_PROFILE = "";
			};
			name = Debug;
		};
		26CF9C811CE21D4F00E11691 /* Release */ = {
			isa = XCBuildConfiguration;
			buildSettings = {
				ASSETCATALOG_COMPILER_APPICON_NAME = AppIcon;
				CODE_SIGN_IDENTITY = "iPhone Developer";
				"CODE_SIGN_IDENTITY[sdk=iphoneos*]" = "iPhone Developer";
				GCC_PRECOMPILE_PREFIX_HEADER = YES;
				GCC_PREFIX_HEADER = JXLotteryTicket/Classes/Other/JXLotteryTicket.pch;
				INFOPLIST_FILE = JXLotteryTicket/Info.plist;
				IPHONEOS_DEPLOYMENT_TARGET = 8.0;
				LD_RUNPATH_SEARCH_PATHS = "$(inherited) @executable_path/Frameworks";
				PRODUCT_BUNDLE_IDENTIFIER = com.rookieJX.JXLotteryTicket;
				PRODUCT_NAME = "$(TARGET_NAME)";
				PROVISIONING_PROFILE = "";
			};
			name = Release;
		};
		26CF9C831CE21D4F00E11691 /* Debug */ = {
			isa = XCBuildConfiguration;
			buildSettings = {
				BUNDLE_LOADER = "$(TEST_HOST)";
				INFOPLIST_FILE = JXLotteryTicketTests/Info.plist;
				LD_RUNPATH_SEARCH_PATHS = "$(inherited) @executable_path/Frameworks @loader_path/Frameworks";
				PRODUCT_BUNDLE_IDENTIFIER = com.rookieJX.JXLotteryTicketTests;
				PRODUCT_NAME = "$(TARGET_NAME)";
				TEST_HOST = "$(BUILT_PRODUCTS_DIR)/JXLotteryTicket.app/JXLotteryTicket";
			};
			name = Debug;
		};
		26CF9C841CE21D4F00E11691 /* Release */ = {
			isa = XCBuildConfiguration;
			buildSettings = {
				BUNDLE_LOADER = "$(TEST_HOST)";
				INFOPLIST_FILE = JXLotteryTicketTests/Info.plist;
				LD_RUNPATH_SEARCH_PATHS = "$(inherited) @executable_path/Frameworks @loader_path/Frameworks";
				PRODUCT_BUNDLE_IDENTIFIER = com.rookieJX.JXLotteryTicketTests;
				PRODUCT_NAME = "$(TARGET_NAME)";
				TEST_HOST = "$(BUILT_PRODUCTS_DIR)/JXLotteryTicket.app/JXLotteryTicket";
			};
			name = Release;
		};
		26CF9C861CE21D4F00E11691 /* Debug */ = {
			isa = XCBuildConfiguration;
			buildSettings = {
				INFOPLIST_FILE = JXLotteryTicketUITests/Info.plist;
				LD_RUNPATH_SEARCH_PATHS = "$(inherited) @executable_path/Frameworks @loader_path/Frameworks";
				PRODUCT_BUNDLE_IDENTIFIER = com.rookieJX.JXLotteryTicketUITests;
				PRODUCT_NAME = "$(TARGET_NAME)";
				TEST_TARGET_NAME = JXLotteryTicket;
			};
			name = Debug;
		};
		26CF9C871CE21D4F00E11691 /* Release */ = {
			isa = XCBuildConfiguration;
			buildSettings = {
				INFOPLIST_FILE = JXLotteryTicketUITests/Info.plist;
				LD_RUNPATH_SEARCH_PATHS = "$(inherited) @executable_path/Frameworks @loader_path/Frameworks";
				PRODUCT_BUNDLE_IDENTIFIER = com.rookieJX.JXLotteryTicketUITests;
				PRODUCT_NAME = "$(TARGET_NAME)";
				TEST_TARGET_NAME = JXLotteryTicket;
			};
			name = Release;
		};
/* End XCBuildConfiguration section */

/* Begin XCConfigurationList section */
		26CF9C4D1CE21D4E00E11691 /* Build configuration list for PBXProject "JXLotteryTicket" */ = {
			isa = XCConfigurationList;
			buildConfigurations = (
				26CF9C7D1CE21D4F00E11691 /* Debug */,
				26CF9C7E1CE21D4F00E11691 /* Release */,
			);
			defaultConfigurationIsVisible = 0;
			defaultConfigurationName = Release;
		};
		26CF9C7F1CE21D4F00E11691 /* Build configuration list for PBXNativeTarget "JXLotteryTicket" */ = {
			isa = XCConfigurationList;
			buildConfigurations = (
				26CF9C801CE21D4F00E11691 /* Debug */,
				26CF9C811CE21D4F00E11691 /* Release */,
			);
			defaultConfigurationIsVisible = 0;
			defaultConfigurationName = Release;
		};
		26CF9C821CE21D4F00E11691 /* Build configuration list for PBXNativeTarget "JXLotteryTicketTests" */ = {
			isa = XCConfigurationList;
			buildConfigurations = (
				26CF9C831CE21D4F00E11691 /* Debug */,
				26CF9C841CE21D4F00E11691 /* Release */,
			);
			defaultConfigurationIsVisible = 0;
			defaultConfigurationName = Release;
		};
		26CF9C851CE21D4F00E11691 /* Build configuration list for PBXNativeTarget "JXLotteryTicketUITests" */ = {
			isa = XCConfigurationList;
			buildConfigurations = (
				26CF9C861CE21D4F00E11691 /* Debug */,
				26CF9C871CE21D4F00E11691 /* Release */,
			);
			defaultConfigurationIsVisible = 0;
			defaultConfigurationName = Release;
		};
/* End XCConfigurationList section */
	};
	rootObject = 26CF9C4A1CE21D4E00E11691 /* Project object */;
}
